
Microsoft Visual Studio Solution File, Format Version 12.00
# Visual Studio Version 16
VisualStudioVersion = 16.0.28803.156
MinimumVisualStudioVersion = 10.0.40219.1
Project("{FAE04EC0-301F-11D3-BF4B-00C04F79EFBC}") = "YourAge01.Android", "YourAge01\YourAge01.Android\YourAge01.Android.csproj", "{8769167B-E9A8-421B-B0F8-56884993693F}"
EndProject
Project("{FAE04EC0-301F-11D3-BF4B-00C04F79EFBC}") = "YourAge01.iOS", "YourAge01\YourAge01.iOS\YourAge01.iOS.csproj", "{79205912-6666-4ECA-BB72-BA0BD912D800}"
EndProject
Project("{FAE04EC0-301F-11D3-BF4B-00C04F79EFBC}") = "YourAge01", "YourAge01\YourAge01\YourAge01.csproj", "{895CD2D0-97E5-42E8-8AFE-938E925AA3FC}"
EndProject
Global
	GlobalSection(SolutionConfigurationPlatforms) = preSolution
		Debug|Any CPU = Debug|Any CPU
		Debug|iPhone = Debug|iPhone
		Debug|iPhoneSimulator = Debug|iPhoneSimulator
		Release|Any CPU = Release|Any CPU
		Release|iPhone = Release|iPhone
		Release|iPhoneSimulator = Release|iPhoneSimulator
	EndGlobalSection
	GlobalSection(ProjectConfigurationPlatforms) = postSolution
		{8769167B-E9A8-421B-B0F8-56884993693F}.Debug|Any CPU.ActiveCfg = Debug|Any CPU
		{8769167B-E9A8-421B-B0F8-56884993693F}.Debug|Any CPU.Build.0 = Debug|Any CPU
		{8769167B-E9A8-421B-B0F8-56884993693F}.Debug|Any CPU.Deploy.0 = Debug|Any CPU
		{8769167B-E9A8-421B-B0F8-56884993693F}.Debug|iPhone.ActiveCfg = Debug|Any CPU
		{8769167B-E9A8-421B-B0F8-56884993693F}.Debug|iPhone.Build.0 = Debug|Any CPU
		{8769167B-E9A8-421B-B0F8-56884993693F}.Debug|iPhone.Deploy.0 = Debug|Any CPU
		{8769167B-E9A8-421B-B0F8-56884993693F}.Debug|iPhoneSimulator.ActiveCfg = Debug|Any CPU
		{8769167B-E9A8-421B-B0F8-56884993693F}.Debug|iPhoneSimulator.Build.0 = Debug|Any CPU
		{8769167B-E9A8-421B-B0F8-56884993693F}.Debug|iPhoneSimulator.Deploy.0 = Debug|Any CPU
		{8769167B-E9A8-421B-B0F8-56884993693F}.Release|Any CPU.ActiveCfg = Release|Any CPU
		{8769167B-E9A8-421B-B0F8-56884993693F}.Release|Any CPU.Build.0 = Release|Any CPU
		{8769167B-E9A8-421B-B0F8-56884993693F}.Release|Any CPU.Deploy.0 = Release|Any CPU
		{8769167B-E9A8-421B-B0F8-56884993693F}.Release|iPhone.ActiveCfg = Release|Any CPU
		{8769167B-E9A8-421B-B0F8-56884993693F}.Release|iPhone.Build.0 = Release|Any CPU
		{8769167B-E9A8-421B-B0F8-56884993693F}.Release|iPhone.Deploy.0 = Release|Any CPU
		{8769167B-E9A8-421B-B0F8-56884993693F}.Release|iPhoneSimulator.ActiveCfg = Release|Any CPU
		{8769167B-E9A8-421B-B0F8-56884993693F}.Release|iPhoneSimulator.Build.0 = Release|Any CPU
		{8769167B-E9A8-421B-B0F8-56884993693F}.Release|iPhoneSimulator.Deploy.0 = Release|Any CPU
		{79205912-6666-4ECA-BB72-BA0BD912D800}.Debug|Any CPU.ActiveCfg = Debug|iPhoneSimulator
		{79205912-6666-4ECA-BB72-BA0BD912D800}.Debug|Any CPU.Build.0 = Debug|iPhoneSimulator
		{79205912-6666-4ECA-BB72-BA0BD912D800}.Debug|Any CPU.Deploy.0 = Debug|iPhoneSimulator
		{79205912-6666-4ECA-BB72-BA0BD912D800}.Debug|iPhone.ActiveCfg = Debug|iPhone
		{79205912-6666-4ECA-BB72-BA0BD912D800}.Debug|iPhone.Build.0 = Debug|iPhone
		{79205912-6666-4ECA-BB72-BA0BD912D800}.Debug|iPhone.Deploy.0 = Debug|iPhone
		{79205912-6666-4ECA-BB72-BA0BD912D800}.Debug|iPhoneSimulator.ActiveCfg = Debug|iPhoneSimulator
		{79205912-6666-4ECA-BB72-BA0BD912D800}.Debug|iPhoneSimulator.Build.0 = Debug|iPhoneSimulator
		{79205912-6666-4ECA-BB72-BA0BD912D800}.Debug|iPhoneSimulator.Deploy.0 = Debug|iPhoneSimulator
		{79205912-6666-4ECA-BB72-BA0BD912D800}.Release|Any CPU.ActiveCfg = Release|iPhone
		{79205912-6666-4ECA-BB72-BA0BD912D800}.Release|Any CPU.Build.0 = Release|iPhone
		{79205912-6666-4ECA-BB72-BA0BD912D800}.Release|Any CPU.Deploy.0 = Release|iPhone
		{79205912-6666-4ECA-BB72-BA0BD912D800}.Release|iPhone.ActiveCfg = Release|iPhone
		{79205912-6666-4ECA-BB72-BA0BD912D800}.Release|iPhone.Build.0 = Release|iPhone
		{79205912-6666-4ECA-BB72-BA0BD912D800}.Release|iPhone.Deploy.0 = Release|iPhone
		{79205912-6666-4ECA-BB72-BA0BD912D800}.Release|iPhoneSimulator.ActiveCfg = Release|iPhoneSimulator
		{79205912-6666-4ECA-BB72-BA0BD912D800}.Release|iPhoneSimulator.Build.0 = Release|iPhoneSimulator
		{79205912-6666-4ECA-BB72-BA0BD912D800}.Release|iPhoneSimulator.Deploy.0 = Release|iPhoneSimulator
		{895CD2D0-97E5-42E8-8AFE-938E925AA3FC}.Debug|Any CPU.ActiveCfg = Debug|Any CPU
		{895CD2D0-97E5-42E8-8AFE-938E925AA3FC}.Debug|Any CPU.Build.0 = Debug|Any CPU
		{895CD2D0-97E5-42E8-8AFE-938E925AA3FC}.Debug|Any CPU.Deploy.0 = Debug|Any CPU
		{895CD2D0-97E5-42E8-8AFE-938E925AA3FC}.Debug|iPhone.ActiveCfg = Debug|Any CPU
		{895CD2D0-97E5-42E8-8AFE-938E925AA3FC}.Debug|iPhone.Build.0 = Debug|Any CPU
		{895CD2D0-97E5-42E8-8AFE-938E925AA3FC}.Debug|iPhone.Deploy.0 = Debug|Any CPU
		{895CD2D0-97E5-42E8-8AFE-938E925AA3FC}.Debug|iPhoneSimulator.ActiveCfg = Debug|Any CPU
		{895CD2D0-97E5-42E8-8AFE-938E925AA3FC}.Debug|iPhoneSimulator.Build.0 = Debug|Any CPU
		{895CD2D0-97E5-42E8-8AFE-938E925AA3FC}.Debug|iPhoneSimulator.Deploy.0 = Debug|Any CPU
		{895CD2D0-97E5-42E8-8AFE-938E925AA3FC}.Release|Any CPU.ActiveCfg = Release|Any CPU
		{895CD2D0-97E5-42E8-8AFE-938E925AA3FC}.Release|Any CPU.Build.0 = Release|Any CPU
		{895CD2D0-97E5-42E8-8AFE-938E925AA3FC}.Release|Any CPU.Deploy.0 = Release|Any CPU
		{895CD2D0-97E5-42E8-8AFE-938E925AA3FC}.Release|iPhone.ActiveCfg = Release|Any CPU
		{895CD2D0-97E5-42E8-8AFE-938E925AA3FC}.Release|iPhone.Build.0 = Release|Any CPU
		{895CD2D0-97E5-42E8-8AFE-938E925AA3FC}.Release|iPhone.Deploy.0 = Release|Any CPU
		{895CD2D0-97E5-42E8-8AFE-938E925AA3FC}.Release|iPhoneSimulator.ActiveCfg = Release|Any CPU
		{895CD2D0-97E5-42E8-8AFE-938E925AA3FC}.Release|iPhoneSimulator.Build.0 = Release|Any CPU
		{895CD2D0-97E5-42E8-8AFE-938E925AA3FC}.Release|iPhoneSimulator.Deploy.0 = Release|Any CPU
	EndGlobalSection
	GlobalSection(SolutionProperties) = preSolution
		HideSolutionNode = FALSE
	EndGlobalSection
	GlobalSection(ExtensibilityGlobals) = postSolution
		SolutionGuid = {DD402AE3-90F1-4054-B190-9E0B414EB5D3}
	EndGlobalSection
EndGlobal
