
Microsoft Visual Studio Solution File, Format Version 12.00
# Visual Studio Version 16
VisualStudioVersion = 16.0.28803.156
MinimumVisualStudioVersion = 10.0.40219.1
Project("{FAE04EC0-301F-11D3-BF4B-00C04F79EFBC}") = "WindowsFormsApp3", "WindowsFormsApp3\WindowsFormsApp3.csproj", "{A62DEAF4-3E91-4562-823B-6AF4A5A4D068}"
EndProject
Global
	GlobalSection(SolutionConfigurationPlatforms) = preSolution
		Debug|Any CPU = Debug|Any CPU
		Release|Any CPU = Release|Any CPU
	EndGlobalSection
	GlobalSection(ProjectConfigurationPlatforms) = postSolution
		{A62DEAF4-3E91-4562-823B-6AF4A5A4D068}.Debug|Any CPU.ActiveCfg = Debug|Any CPU
		{A62DEAF4-3E91-4562-823B-6AF4A5A4D068}.Debug|Any CPU.Build.0 = Debug|Any CPU
		{A62DEAF4-3E91-4562-823B-6AF4A5A4D068}.Release|Any CPU.ActiveCfg = Release|Any CPU
		{A62DEAF4-3E91-4562-823B-6AF4A5A4D068}.Release|Any CPU.Build.0 = Release|Any CPU
	EndGlobalSection
	GlobalSection(SolutionProperties) = preSolution
		HideSolutionNode = FALSE
	EndGlobalSection
	GlobalSection(ExtensibilityGlobals) = postSolution
		SolutionGuid = {427E272B-398E-4A3D-AC81-25C590EDCC1B}
	EndGlobalSection
EndGlobal
