
Microsoft Visual Studio Solution File, Format Version 12.00
# Visual Studio Version 16
VisualStudioVersion = 16.0.28803.156
MinimumVisualStudioVersion = 10.0.40219.1
Project("{FAE04EC0-301F-11D3-BF4B-00C04F79EFBC}") = "HelloXamarin.Android", "HelloXamarin\HelloXamarin.Android\HelloXamarin.Android.csproj", "{F55E3602-2709-4423-9504-C64AD0C0E7CC}"
EndProject
Project("{FAE04EC0-301F-11D3-BF4B-00C04F79EFBC}") = "HelloXamarin.iOS", "HelloXamarin\HelloXamarin.iOS\HelloXamarin.iOS.csproj", "{3EA0C9F3-13F4-44C8-ABF0-B9053AC91CA9}"
EndProject
Project("{FAE04EC0-301F-11D3-BF4B-00C04F79EFBC}") = "HelloXamarin", "HelloXamarin\HelloXamarin\HelloXamarin.csproj", "{D84444BC-4A30-4F6C-97EE-8A5666043840}"
EndProject
Global
	GlobalSection(SolutionConfigurationPlatforms) = preSolution
		Debug|Any CPU = Debug|Any CPU
		Debug|iPhone = Debug|iPhone
		Debug|iPhoneSimulator = Debug|iPhoneSimulator
		Release|Any CPU = Release|Any CPU
		Release|iPhone = Release|iPhone
		Release|iPhoneSimulator = Release|iPhoneSimulator
	EndGlobalSection
	GlobalSection(ProjectConfigurationPlatforms) = postSolution
		{F55E3602-2709-4423-9504-C64AD0C0E7CC}.Debug|Any CPU.ActiveCfg = Debug|Any CPU
		{F55E3602-2709-4423-9504-C64AD0C0E7CC}.Debug|Any CPU.Build.0 = Debug|Any CPU
		{F55E3602-2709-4423-9504-C64AD0C0E7CC}.Debug|Any CPU.Deploy.0 = Debug|Any CPU
		{F55E3602-2709-4423-9504-C64AD0C0E7CC}.Debug|iPhone.ActiveCfg = Debug|Any CPU
		{F55E3602-2709-4423-9504-C64AD0C0E7CC}.Debug|iPhone.Build.0 = Debug|Any CPU
		{F55E3602-2709-4423-9504-C64AD0C0E7CC}.Debug|iPhone.Deploy.0 = Debug|Any CPU
		{F55E3602-2709-4423-9504-C64AD0C0E7CC}.Debug|iPhoneSimulator.ActiveCfg = Debug|Any CPU
		{F55E3602-2709-4423-9504-C64AD0C0E7CC}.Debug|iPhoneSimulator.Build.0 = Debug|Any CPU
		{F55E3602-2709-4423-9504-C64AD0C0E7CC}.Debug|iPhoneSimulator.Deploy.0 = Debug|Any CPU
		{F55E3602-2709-4423-9504-C64AD0C0E7CC}.Release|Any CPU.ActiveCfg = Release|Any CPU
		{F55E3602-2709-4423-9504-C64AD0C0E7CC}.Release|Any CPU.Build.0 = Release|Any CPU
		{F55E3602-2709-4423-9504-C64AD0C0E7CC}.Release|Any CPU.Deploy.0 = Release|Any CPU
		{F55E3602-2709-4423-9504-C64AD0C0E7CC}.Release|iPhone.ActiveCfg = Release|Any CPU
		{F55E3602-2709-4423-9504-C64AD0C0E7CC}.Release|iPhone.Build.0 = Release|Any CPU
		{F55E3602-2709-4423-9504-C64AD0C0E7CC}.Release|iPhone.Deploy.0 = Release|Any CPU
		{F55E3602-2709-4423-9504-C64AD0C0E7CC}.Release|iPhoneSimulator.ActiveCfg = Release|Any CPU
		{F55E3602-2709-4423-9504-C64AD0C0E7CC}.Release|iPhoneSimulator.Build.0 = Release|Any CPU
		{F55E3602-2709-4423-9504-C64AD0C0E7CC}.Release|iPhoneSimulator.Deploy.0 = Release|Any CPU
		{3EA0C9F3-13F4-44C8-ABF0-B9053AC91CA9}.Debug|Any CPU.ActiveCfg = Debug|iPhoneSimulator
		{3EA0C9F3-13F4-44C8-ABF0-B9053AC91CA9}.Debug|Any CPU.Build.0 = Debug|iPhoneSimulator
		{3EA0C9F3-13F4-44C8-ABF0-B9053AC91CA9}.Debug|Any CPU.Deploy.0 = Debug|iPhoneSimulator
		{3EA0C9F3-13F4-44C8-ABF0-B9053AC91CA9}.Debug|iPhone.ActiveCfg = Debug|iPhone
		{3EA0C9F3-13F4-44C8-ABF0-B9053AC91CA9}.Debug|iPhone.Build.0 = Debug|iPhone
		{3EA0C9F3-13F4-44C8-ABF0-B9053AC91CA9}.Debug|iPhone.Deploy.0 = Debug|iPhone
		{3EA0C9F3-13F4-44C8-ABF0-B9053AC91CA9}.Debug|iPhoneSimulator.ActiveCfg = Debug|iPhoneSimulator
		{3EA0C9F3-13F4-44C8-ABF0-B9053AC91CA9}.Debug|iPhoneSimulator.Build.0 = Debug|iPhoneSimulator
		{3EA0C9F3-13F4-44C8-ABF0-B9053AC91CA9}.Debug|iPhoneSimulator.Deploy.0 = Debug|iPhoneSimulator
		{3EA0C9F3-13F4-44C8-ABF0-B9053AC91CA9}.Release|Any CPU.ActiveCfg = Release|iPhone
		{3EA0C9F3-13F4-44C8-ABF0-B9053AC91CA9}.Release|Any CPU.Build.0 = Release|iPhone
		{3EA0C9F3-13F4-44C8-ABF0-B9053AC91CA9}.Release|Any CPU.Deploy.0 = Release|iPhone
		{3EA0C9F3-13F4-44C8-ABF0-B9053AC91CA9}.Release|iPhone.ActiveCfg = Release|iPhone
		{3EA0C9F3-13F4-44C8-ABF0-B9053AC91CA9}.Release|iPhone.Build.0 = Release|iPhone
		{3EA0C9F3-13F4-44C8-ABF0-B9053AC91CA9}.Release|iPhone.Deploy.0 = Release|iPhone
		{3EA0C9F3-13F4-44C8-ABF0-B9053AC91CA9}.Release|iPhoneSimulator.ActiveCfg = Release|iPhoneSimulator
		{3EA0C9F3-13F4-44C8-ABF0-B9053AC91CA9}.Release|iPhoneSimulator.Build.0 = Release|iPhoneSimulator
		{3EA0C9F3-13F4-44C8-ABF0-B9053AC91CA9}.Release|iPhoneSimulator.Deploy.0 = Release|iPhoneSimulator
		{D84444BC-4A30-4F6C-97EE-8A5666043840}.Debug|Any CPU.ActiveCfg = Debug|Any CPU
		{D84444BC-4A30-4F6C-97EE-8A5666043840}.Debug|Any CPU.Build.0 = Debug|Any CPU
		{D84444BC-4A30-4F6C-97EE-8A5666043840}.Debug|Any CPU.Deploy.0 = Debug|Any CPU
		{D84444BC-4A30-4F6C-97EE-8A5666043840}.Debug|iPhone.ActiveCfg = Debug|Any CPU
		{D84444BC-4A30-4F6C-97EE-8A5666043840}.Debug|iPhone.Build.0 = Debug|Any CPU
		{D84444BC-4A30-4F6C-97EE-8A5666043840}.Debug|iPhone.Deploy.0 = Debug|Any CPU
		{D84444BC-4A30-4F6C-97EE-8A5666043840}.Debug|iPhoneSimulator.ActiveCfg = Debug|Any CPU
		{D84444BC-4A30-4F6C-97EE-8A5666043840}.Debug|iPhoneSimulator.Build.0 = Debug|Any CPU
		{D84444BC-4A30-4F6C-97EE-8A5666043840}.Debug|iPhoneSimulator.Deploy.0 = Debug|Any CPU
		{D84444BC-4A30-4F6C-97EE-8A5666043840}.Release|Any CPU.ActiveCfg = Release|Any CPU
		{D84444BC-4A30-4F6C-97EE-8A5666043840}.Release|Any CPU.Build.0 = Release|Any CPU
		{D84444BC-4A30-4F6C-97EE-8A5666043840}.Release|Any CPU.Deploy.0 = Release|Any CPU
		{D84444BC-4A30-4F6C-97EE-8A5666043840}.Release|iPhone.ActiveCfg = Release|Any CPU
		{D84444BC-4A30-4F6C-97EE-8A5666043840}.Release|iPhone.Build.0 = Release|Any CPU
		{D84444BC-4A30-4F6C-97EE-8A5666043840}.Release|iPhone.Deploy.0 = Release|Any CPU
		{D84444BC-4A30-4F6C-97EE-8A5666043840}.Release|iPhoneSimulator.ActiveCfg = Release|Any CPU
		{D84444BC-4A30-4F6C-97EE-8A5666043840}.Release|iPhoneSimulator.Build.0 = Release|Any CPU
		{D84444BC-4A30-4F6C-97EE-8A5666043840}.Release|iPhoneSimulator.Deploy.0 = Release|Any CPU
	EndGlobalSection
	GlobalSection(SolutionProperties) = preSolution
		HideSolutionNode = FALSE
	EndGlobalSection
	GlobalSection(ExtensibilityGlobals) = postSolution
		SolutionGuid = {89BA05D5-4B6A-4B97-A0FB-05FA49F6DD2D}
	EndGlobalSection
EndGlobal
