
Microsoft Visual Studio Solution File, Format Version 12.00
# Visual Studio Version 16
VisualStudioVersion = 16.0.28803.156
MinimumVisualStudioVersion = 10.0.40219.1
Project("{FAE04EC0-301F-11D3-BF4B-00C04F79EFBC}") = "WindowsFormsApp1", "WindowsFormsApp1\WindowsFormsApp1.csproj", "{3391AABE-5714-43BE-A5DB-B2B312D17D9F}"
EndProject
Global
	GlobalSection(SolutionConfigurationPlatforms) = preSolution
		Debug|Any CPU = Debug|Any CPU
		Release|Any CPU = Release|Any CPU
	EndGlobalSection
	GlobalSection(ProjectConfigurationPlatforms) = postSolution
		{3391AABE-5714-43BE-A5DB-B2B312D17D9F}.Debug|Any CPU.ActiveCfg = Debug|Any CPU
		{3391AABE-5714-43BE-A5DB-B2B312D17D9F}.Debug|Any CPU.Build.0 = Debug|Any CPU
		{3391AABE-5714-43BE-A5DB-B2B312D17D9F}.Release|Any CPU.ActiveCfg = Release|Any CPU
		{3391AABE-5714-43BE-A5DB-B2B312D17D9F}.Release|Any CPU.Build.0 = Release|Any CPU
	EndGlobalSection
	GlobalSection(SolutionProperties) = preSolution
		HideSolutionNode = FALSE
	EndGlobalSection
	GlobalSection(ExtensibilityGlobals) = postSolution
		SolutionGuid = {3D644ECF-81D1-4576-9CF8-C50E2C920FCC}
	EndGlobalSection
EndGlobal
